<?xml version="1.0" encoding="utf-8"?>
<Project ToolsVersion="4.0" xmlns="http://schemas.microsoft.com/developer/msbuild/2003">
  <ItemGroup>
    <Filter Include="Source Files">
      <UniqueIdentifier>{4FC737F1-C7A5-4376-A066-2A32D752A2FF}</UniqueIdentifier>
      <Extensions>cpp;c;cc;cxx;c++;cppm;ixx;def;odl;idl;hpj;bat;asm;asmx</Extensions>
    </Filter>
    <Filter Include="Source Files\Game">
      <UniqueIdentifier>{35c10923-6d88-4af9-a957-df7373f3c8e9}</UniqueIdentifier>
    </Filter>
    <Filter Include="Source Files\Game\Objects">
      <UniqueIdentifier>{bc1f3356-b447-4ee0-9723-67747c1e96de}</UniqueIdentifier>
    </Filter>
    <Filter Include="Source Files\Menu">
      <UniqueIdentifier>{7b6b8a95-ab67-4eb3-9ed1-e59026d0d426}</UniqueIdentifier>
    </Filter>
    <Filter Include="Source Files\Menu\Objects">
      <UniqueIdentifier>{af3a70f0-5b9f-4884-85aa-db206226b8f4}</UniqueIdentifier>
    </Filter>
  </ItemGroup>
  <ItemGroup>
    <ClCompile Include="src\main.cpp">
      <Filter>Source Files</Filter>
    </ClCompile>
    <ClCompile Include="src\game\game.cpp">
      <Filter>Source Files\Game</Filter>
    </ClCompile>
    <ClCompile Include="src\game\obstacle.cpp">
      <Filter>Source Files\Game\Objects</Filter>
    </ClCompile>
    <ClCompile Include="src\game\player.cpp">
      <Filter>Source Files\Game\Objects</Filter>
    </ClCompile>
    <ClCompile Include="src\program_manager.cpp">
      <Filter>Source Files</Filter>
    </ClCompile>
    <ClCompile Include="src\collision_manager.cpp">
      <Filter>Source Files</Filter>
    </ClCompile>
    <ClCompile Include="src\menu\credits.cpp">
      <Filter>Source Files\Menu</Filter>
    </ClCompile>
    <ClCompile Include="src\menu\main_menu.cpp">
      <Filter>Source Files\Menu</Filter>
    </ClCompile>
    <ClCompile Include="src\menu\button.cpp">
      <Filter>Source Files\Menu\Objects</Filter>
    </ClCompile>
    <ClCompile Include="src\input_manager.cpp">
      <Filter>Source Files</Filter>
    </ClCompile>
    <ClCompile Include="src\utils.cpp">
      <Filter>Source Files</Filter>
    </ClCompile>
    <ClCompile Include="src\menu\pause_menu.cpp">
      <Filter>Source Files\Menu</Filter>
    </ClCompile>
    <ClCompile Include="src\menu\game_over_menu.cpp">
      <Filter>Source Files\Menu</Filter>
    </ClCompile>
    <ClCompile Include="src\menu\hud.cpp">
      <Filter>Source Files\Menu</Filter>
    </ClCompile>
    <ClCompile Include="src\game\terrain.cpp">
      <Filter>Source Files\Game\Objects</Filter>
    </ClCompile>
    <ClCompile Include="src\game\object_manager.cpp">
      <Filter>Source Files\Game</Filter>
    </ClCompile>
    <ClCompile Include="src\game\bullet.cpp">
      <Filter>Source Files\Game\Objects</Filter>
    </ClCompile>
    <ClCompile Include="src\game\weapon.cpp">
      <Filter>Source Files\Game\Objects</Filter>
    </ClCompile>
    <ClCompile Include="src\game\enemy.cpp">
      <Filter>Source Files\Game\Objects</Filter>
    </ClCompile>
    <ClCompile Include="src\menu\gamemode_menu.cpp">
      <Filter>Source Files\Menu</Filter>
    </ClCompile>
  </ItemGroup>
  <ItemGroup>
    <ClInclude Include="src\game\game.h">
      <Filter>Source Files\Game</Filter>
    </ClInclude>
    <ClInclude Include="src\game\obstacle.h">
      <Filter>Source Files\Game\Objects</Filter>
    </ClInclude>
    <ClInclude Include="src\game\player.h">
      <Filter>Source Files\Game\Objects</Filter>
    </ClInclude>
    <ClInclude Include="src\program_manager.h">
      <Filter>Source Files</Filter>
    </ClInclude>
    <ClInclude Include="src\collision_manager.h">
      <Filter>Source Files</Filter>
    </ClInclude>
    <ClInclude Include="src\menu\credits.h">
      <Filter>Source Files\Menu</Filter>
    </ClInclude>
    <ClInclude Include="src\menu\main_menu.h">
      <Filter>Source Files\Menu</Filter>
    </ClInclude>
    <ClInclude Include="src\menu\button.h">
      <Filter>Source Files\Menu\Objects</Filter>
    </ClInclude>
    <ClInclude Include="src\input_manager.h">
      <Filter>Source Files</Filter>
    </ClInclude>
    <ClInclude Include="src\utils.h">
      <Filter>Source Files</Filter>
    </ClInclude>
    <ClInclude Include="src\menu\pause_menu.h">
      <Filter>Source Files\Menu</Filter>
    </ClInclude>
    <ClInclude Include="src\menu\game_over_menu.h">
      <Filter>Source Files\Menu</Filter>
    </ClInclude>
    <ClInclude Include="src\menu\hud.h">
      <Filter>Source Files\Menu</Filter>
    </ClInclude>
    <ClInclude Include="src\game\terrain.h">
      <Filter>Source Files\Game\Objects</Filter>
    </ClInclude>
    <ClInclude Include="src\game\object_manager.h">
      <Filter>Source Files\Game</Filter>
    </ClInclude>
    <ClInclude Include="src\game\bullet.h">
      <Filter>Source Files\Game\Objects</Filter>
    </ClInclude>
    <ClInclude Include="src\game\weapon.h">
      <Filter>Source Files\Game\Objects</Filter>
    </ClInclude>
    <ClInclude Include="src\game\enemy.h">
      <Filter>Source Files\Game\Objects</Filter>
    </ClInclude>
    <ClInclude Include="src\menu\gamemode_menu.h">
      <Filter>Source Files\Menu</Filter>
    </ClInclude>
  </ItemGroup>
</Project>